<?xml version="1.0" encoding="utf-8"?>
<Project ToolsVersion="4.0" xmlns="http://schemas.microsoft.com/developer/msbuild/2003">
  <ItemGroup>
    <Filter Include="Source Files">
      <UniqueIdentifier>{3721e7b3-b85d-4cd2-bcfe-18de8bfc1edc}</UniqueIdentifier>
      <Extensions>cpp;c;cxx;rc;def;r;odl;idl;hpj;bat</Extensions>
    </Filter>
    <Filter Include="Source Files\wdl">
      <UniqueIdentifier>{32a994c5-7127-401b-b957-70f5018eb4a8}</UniqueIdentifier>
    </Filter>
    <Filter Include="Header Files">
      <UniqueIdentifier>{8d45782e-b3e1-46c3-b5e1-9ccade4bc256}</UniqueIdentifier>
      <Extensions>h;hpp;hxx;hm;inl</Extensions>
    </Filter>
    <Filter Include="Resource Files">
      <UniqueIdentifier>{78090601-dbb1-4a87-82e9-9055bb362003}</UniqueIdentifier>
      <Extensions>ico;cur;bmp;dlg;rc2;rct;bin;rgs;gif;jpg;jpeg;jpe</Extensions>
    </Filter>
  </ItemGroup>
  <ItemGroup>
    <ClCompile Include="..\..\WDL\jnetlib\asyncdns.cpp">
      <Filter>Source Files\wdl</Filter>
    </ClCompile>
    <ClCompile Include="..\..\WDL\jnetlib\connection.cpp">
      <Filter>Source Files\wdl</Filter>
    </ClCompile>
    <ClCompile Include="..\..\WDL\jnetlib\httpget.cpp">
      <Filter>Source Files\wdl</Filter>
    </ClCompile>
    <ClCompile Include="..\..\WDL\jnetlib\util.cpp">
      <Filter>Source Files\wdl</Filter>
    </ClCompile>
    <ClCompile Include="main.cpp">
      <Filter>Source Files</Filter>
    </ClCompile>
  </ItemGroup>
  <ItemGroup>
    <ClInclude Include="..\..\WDL\jnetlib\asyncdns.h">
      <Filter>Source Files\wdl</Filter>
    </ClInclude>
    <ClInclude Include="..\..\WDL\jnetlib\connection.h">
      <Filter>Source Files\wdl</Filter>
    </ClInclude>
    <ClInclude Include="..\..\WDL\jnetlib\jnetlib.h">
      <Filter>Source Files\wdl</Filter>
    </ClInclude>
    <ClInclude Include="..\..\WDL\jnetlib\util.h">
      <Filter>Source Files\wdl</Filter>
    </ClInclude>
    <ClInclude Include="..\reaper_plugin.h">
      <Filter>Header Files</Filter>
    </ClInclude>
    <ClInclude Include="resource.h">
      <Filter>Header Files</Filter>
    </ClInclude>
  </ItemGroup>
  <ItemGroup>
    <ResourceCompile Include="res.rc">
      <Filter>Source Files</Filter>
    </ResourceCompile>
  </ItemGroup>
</Project>